
Microsoft Visual Studio Solution File, Format Version 12.00
# Visual Studio Version 17
VisualStudioVersion = 17.6.33829.357
MinimumVisualStudioVersion = 10.0.40219.1
Project("{FAE04EC0-301F-11D3-BF4B-00C04F79EFBC}") = "TimeManagementApp.V1", "TimeManagementApp.V1\TimeManagementApp.V1.csproj", "{4FFDAE3D-5B8F-44C6-8A53-3B9B9DA771ED}"
EndProject
Global
	GlobalSection(SolutionConfigurationPlatforms) = preSolution
		Debug|Any CPU = Debug|Any CPU
		Release|Any CPU = Release|Any CPU
	EndGlobalSection
	GlobalSection(ProjectConfigurationPlatforms) = postSolution
		{4FFDAE3D-5B8F-44C6-8A53-3B9B9DA771ED}.Debug|Any CPU.ActiveCfg = Debug|Any CPU
		{4FFDAE3D-5B8F-44C6-8A53-3B9B9DA771ED}.Debug|Any CPU.Build.0 = Debug|Any CPU
		{4FFDAE3D-5B8F-44C6-8A53-3B9B9DA771ED}.Release|Any CPU.ActiveCfg = Release|Any CPU
		{4FFDAE3D-5B8F-44C6-8A53-3B9B9DA771ED}.Release|Any CPU.Build.0 = Release|Any CPU
	EndGlobalSection
	GlobalSection(SolutionProperties) = preSolution
		HideSolutionNode = FALSE
	EndGlobalSection
	GlobalSection(ExtensibilityGlobals) = postSolution
		SolutionGuid = {E5AB1A53-8869-42FB-8E17-87F42FE7CB4A}
	EndGlobalSection
EndGlobal
